{
  "name": "nifi-jolt-transform-json-ui",
  "lockfileVersion": 1,
  "requires": true,
  "//": "limitations under the License.",
  "dependencies": {
    "@uirouter/core": {
      "version": "5.0.3",
      "resolved": "https://registry.npmjs.org/@uirouter/core/-/core-5.0.3.tgz",
      "integrity": "sha512-p3cCPTFmdy5yjPCmbgVU8AnyVsmq1rLT4p8rFL82OmAlIt2og1bWeE1Uu747/WTzz5syBc6AHEUajw+0XaJ0tA=="
    },
    "angular-ui-codemirror": {
      "version": "0.3.0",
      "resolved": "https://registry.npmjs.org/angular-ui-codemirror/-/angular-ui-codemirror-0.3.0.tgz",
      "integrity": "sha1-5ChvxQ85PypuaXwb8xcEJOEsu2A="
    },
    "angular-ui-router": {
      "version": "1.0.4",
      "resolved": "https://registry.npmjs.org/angular-ui-router/-/angular-ui-router-1.0.4.tgz",
      "integrity": "sha512-XoHZVXJ8kMgS5lNraYRUQm/AfcwcGIgNr+e/U+Qb4fM5Ca/NJVuXK6kV6qRXgbeni7rUbNd+3DL8zF8VfscL3w==",
      "requires": {
        "@uirouter/core": "5.0.3"
      }
    }
  }
}
